
Microsoft Visual Studio Solution File, Format Version 12.00
# Visual Studio Version 17
VisualStudioVersion = 17.10.35122.118
MinimumVisualStudioVersion = 10.0.40219.1
Project("{9A19103F-16F7-4668-BE54-9A1E7A4F7556}") = "BookingService.PL", "Services Booking System\BookingService.PL.csproj", "{CC61853A-CADE-4B30-8159-9B58E091097D}"
EndProject
Project("{9A19103F-16F7-4668-BE54-9A1E7A4F7556}") = "BookingService.DAL", "DAL\BookingService.DAL.csproj", "{0630C8D1-46F3-41C1-81E1-D27B33CF6DCE}"
EndProject
Project("{9A19103F-16F7-4668-BE54-9A1E7A4F7556}") = "BookingService.PLL", "PLL\BookingService.PLL.csproj", "{33EBFDC8-9A31-4E52-94E6-768AEBCE452E}"
EndProject
Global
	GlobalSection(SolutionConfigurationPlatforms) = preSolution
		Debug|Any CPU = Debug|Any CPU
		Release|Any CPU = Release|Any CPU
	EndGlobalSection
	GlobalSection(ProjectConfigurationPlatforms) = postSolution
		{CC61853A-CADE-4B30-8159-9B58E091097D}.Debug|Any CPU.ActiveCfg = Debug|Any CPU
		{CC61853A-CADE-4B30-8159-9B58E091097D}.Debug|Any CPU.Build.0 = Debug|Any CPU
		{CC61853A-CADE-4B30-8159-9B58E091097D}.Release|Any CPU.ActiveCfg = Release|Any CPU
		{CC61853A-CADE-4B30-8159-9B58E091097D}.Release|Any CPU.Build.0 = Release|Any CPU
		{0630C8D1-46F3-41C1-81E1-D27B33CF6DCE}.Debug|Any CPU.ActiveCfg = Debug|Any CPU
		{0630C8D1-46F3-41C1-81E1-D27B33CF6DCE}.Debug|Any CPU.Build.0 = Debug|Any CPU
		{0630C8D1-46F3-41C1-81E1-D27B33CF6DCE}.Release|Any CPU.ActiveCfg = Release|Any CPU
		{0630C8D1-46F3-41C1-81E1-D27B33CF6DCE}.Release|Any CPU.Build.0 = Release|Any CPU
		{33EBFDC8-9A31-4E52-94E6-768AEBCE452E}.Debug|Any CPU.ActiveCfg = Debug|Any CPU
		{33EBFDC8-9A31-4E52-94E6-768AEBCE452E}.Debug|Any CPU.Build.0 = Debug|Any CPU
		{33EBFDC8-9A31-4E52-94E6-768AEBCE452E}.Release|Any CPU.ActiveCfg = Release|Any CPU
		{33EBFDC8-9A31-4E52-94E6-768AEBCE452E}.Release|Any CPU.Build.0 = Release|Any CPU
	EndGlobalSection
	GlobalSection(SolutionProperties) = preSolution
		HideSolutionNode = FALSE
	EndGlobalSection
	GlobalSection(ExtensibilityGlobals) = postSolution
		SolutionGuid = {4E6903F3-B74D-4410-BCEA-21404441037E}
	EndGlobalSection
EndGlobal
